
Microsoft Visual Studio Solution File, Format Version 11.00
# Visual Studio 2010
Project("{FAE04EC0-301F-11D3-BF4B-00C04F79EFBC}") = "CSharpReplAddin", "CSharpReplAddin\CSharpReplAddin.csproj", "{E02E05EB-81FE-4753-9382-4A065706C93D}"
EndProject
Project("{FAE04EC0-301F-11D3-BF4B-00C04F79EFBC}") = "CSharpReplLibrary", "CSharpReplLibrary\CSharpReplLibrary.csproj", "{192043DA-F32A-4DEA-A010-CD2C3971A34B}"
EndProject
Project("{FAE04EC0-301F-11D3-BF4B-00C04F79EFBC}") = "CSharpReplServer", "CSharpReplServer\CSharpReplServer.csproj", "{DA44509C-FB53-45FA-8493-F7BCDBA19E45}"
EndProject
Project("{FAE04EC0-301F-11D3-BF4B-00C04F79EFBC}") = "CSharpReplServer64", "CSharpReplServer64\CSharpReplServer64.csproj", "{7726280A-BE26-4CB7-B38B-69C42298A23A}"
EndProject
Global
	GlobalSection(SolutionConfigurationPlatforms) = preSolution
		Debug|Any CPU = Debug|Any CPU
		Debug|Mixed Platforms = Debug|Mixed Platforms
		Debug|x86 = Debug|x86
		DebugMac|Any CPU = DebugMac|Any CPU
		DebugMac|Mixed Platforms = DebugMac|Mixed Platforms
		DebugMac|x86 = DebugMac|x86
		DebugWindows|Any CPU = DebugWindows|Any CPU
		DebugWindows|Mixed Platforms = DebugWindows|Mixed Platforms
		DebugWindows|x86 = DebugWindows|x86
		Release|Any CPU = Release|Any CPU
		Release|Mixed Platforms = Release|Mixed Platforms
		Release|x86 = Release|x86
	EndGlobalSection
	GlobalSection(ProjectConfigurationPlatforms) = postSolution
		{E02E05EB-81FE-4753-9382-4A065706C93D}.Debug|Any CPU.ActiveCfg = DebugWindows|Any CPU
		{E02E05EB-81FE-4753-9382-4A065706C93D}.Debug|Any CPU.Build.0 = DebugWindows|Any CPU
		{E02E05EB-81FE-4753-9382-4A065706C93D}.Debug|Mixed Platforms.ActiveCfg = DebugWindows|Any CPU
		{E02E05EB-81FE-4753-9382-4A065706C93D}.Debug|Mixed Platforms.Build.0 = DebugWindows|Any CPU
		{E02E05EB-81FE-4753-9382-4A065706C93D}.Debug|x86.ActiveCfg = DebugWindows|Any CPU
		{E02E05EB-81FE-4753-9382-4A065706C93D}.DebugMac|Any CPU.ActiveCfg = DebugMac|Any CPU
		{E02E05EB-81FE-4753-9382-4A065706C93D}.DebugMac|Any CPU.Build.0 = DebugMac|Any CPU
		{E02E05EB-81FE-4753-9382-4A065706C93D}.DebugMac|Mixed Platforms.ActiveCfg = DebugMac|Any CPU
		{E02E05EB-81FE-4753-9382-4A065706C93D}.DebugMac|Mixed Platforms.Build.0 = DebugMac|Any CPU
		{E02E05EB-81FE-4753-9382-4A065706C93D}.DebugMac|x86.ActiveCfg = DebugMac|Any CPU
		{E02E05EB-81FE-4753-9382-4A065706C93D}.DebugWindows|Any CPU.ActiveCfg = DebugWindows|Any CPU
		{E02E05EB-81FE-4753-9382-4A065706C93D}.DebugWindows|Any CPU.Build.0 = DebugWindows|Any CPU
		{E02E05EB-81FE-4753-9382-4A065706C93D}.DebugWindows|Mixed Platforms.ActiveCfg = DebugWindows|Any CPU
		{E02E05EB-81FE-4753-9382-4A065706C93D}.DebugWindows|Mixed Platforms.Build.0 = DebugWindows|Any CPU
		{E02E05EB-81FE-4753-9382-4A065706C93D}.DebugWindows|x86.ActiveCfg = DebugWindows|Any CPU
		{E02E05EB-81FE-4753-9382-4A065706C93D}.Release|Any CPU.ActiveCfg = Release|Any CPU
		{E02E05EB-81FE-4753-9382-4A065706C93D}.Release|Any CPU.Build.0 = Release|Any CPU
		{E02E05EB-81FE-4753-9382-4A065706C93D}.Release|Mixed Platforms.ActiveCfg = Release|Any CPU
		{E02E05EB-81FE-4753-9382-4A065706C93D}.Release|Mixed Platforms.Build.0 = Release|Any CPU
		{E02E05EB-81FE-4753-9382-4A065706C93D}.Release|x86.ActiveCfg = Release|Any CPU
		{192043DA-F32A-4DEA-A010-CD2C3971A34B}.Debug|Any CPU.ActiveCfg = DebugWindows|Any CPU
		{192043DA-F32A-4DEA-A010-CD2C3971A34B}.Debug|Any CPU.Build.0 = DebugWindows|Any CPU
		{192043DA-F32A-4DEA-A010-CD2C3971A34B}.Debug|Mixed Platforms.ActiveCfg = DebugWindows|Any CPU
		{192043DA-F32A-4DEA-A010-CD2C3971A34B}.Debug|Mixed Platforms.Build.0 = DebugWindows|Any CPU
		{192043DA-F32A-4DEA-A010-CD2C3971A34B}.Debug|x86.ActiveCfg = DebugWindows|Any CPU
		{192043DA-F32A-4DEA-A010-CD2C3971A34B}.DebugMac|Any CPU.ActiveCfg = DebugMac|Any CPU
		{192043DA-F32A-4DEA-A010-CD2C3971A34B}.DebugMac|Any CPU.Build.0 = DebugMac|Any CPU
		{192043DA-F32A-4DEA-A010-CD2C3971A34B}.DebugMac|Mixed Platforms.ActiveCfg = DebugMac|Any CPU
		{192043DA-F32A-4DEA-A010-CD2C3971A34B}.DebugMac|Mixed Platforms.Build.0 = DebugMac|Any CPU
		{192043DA-F32A-4DEA-A010-CD2C3971A34B}.DebugMac|x86.ActiveCfg = DebugMac|Any CPU
		{192043DA-F32A-4DEA-A010-CD2C3971A34B}.DebugWindows|Any CPU.ActiveCfg = DebugWindows|Any CPU
		{192043DA-F32A-4DEA-A010-CD2C3971A34B}.DebugWindows|Any CPU.Build.0 = DebugWindows|Any CPU
		{192043DA-F32A-4DEA-A010-CD2C3971A34B}.DebugWindows|Mixed Platforms.ActiveCfg = DebugWindows|Any CPU
		{192043DA-F32A-4DEA-A010-CD2C3971A34B}.DebugWindows|Mixed Platforms.Build.0 = DebugWindows|Any CPU
		{192043DA-F32A-4DEA-A010-CD2C3971A34B}.DebugWindows|x86.ActiveCfg = DebugWindows|Any CPU
		{192043DA-F32A-4DEA-A010-CD2C3971A34B}.Release|Any CPU.ActiveCfg = Release|Any CPU
		{192043DA-F32A-4DEA-A010-CD2C3971A34B}.Release|Any CPU.Build.0 = Release|Any CPU
		{192043DA-F32A-4DEA-A010-CD2C3971A34B}.Release|Mixed Platforms.ActiveCfg = Release|Any CPU
		{192043DA-F32A-4DEA-A010-CD2C3971A34B}.Release|Mixed Platforms.Build.0 = Release|Any CPU
		{192043DA-F32A-4DEA-A010-CD2C3971A34B}.Release|x86.ActiveCfg = Release|Any CPU
		{DA44509C-FB53-45FA-8493-F7BCDBA19E45}.Debug|Any CPU.ActiveCfg = DebugWindows|Any CPU
		{DA44509C-FB53-45FA-8493-F7BCDBA19E45}.Debug|Any CPU.Build.0 = DebugWindows|Any CPU
		{DA44509C-FB53-45FA-8493-F7BCDBA19E45}.Debug|Mixed Platforms.ActiveCfg = DebugWindows|Any CPU
		{DA44509C-FB53-45FA-8493-F7BCDBA19E45}.Debug|Mixed Platforms.Build.0 = DebugWindows|Any CPU
		{DA44509C-FB53-45FA-8493-F7BCDBA19E45}.Debug|x86.ActiveCfg = DebugWindows|Any CPU
		{DA44509C-FB53-45FA-8493-F7BCDBA19E45}.DebugMac|Any CPU.ActiveCfg = DebugMac|Any CPU
		{DA44509C-FB53-45FA-8493-F7BCDBA19E45}.DebugMac|Any CPU.Build.0 = DebugMac|Any CPU
		{DA44509C-FB53-45FA-8493-F7BCDBA19E45}.DebugMac|Mixed Platforms.ActiveCfg = DebugMac|Any CPU
		{DA44509C-FB53-45FA-8493-F7BCDBA19E45}.DebugMac|Mixed Platforms.Build.0 = DebugMac|Any CPU
		{DA44509C-FB53-45FA-8493-F7BCDBA19E45}.DebugMac|x86.ActiveCfg = DebugMac|Any CPU
		{DA44509C-FB53-45FA-8493-F7BCDBA19E45}.DebugWindows|Any CPU.ActiveCfg = DebugWindows|x86
		{DA44509C-FB53-45FA-8493-F7BCDBA19E45}.DebugWindows|Any CPU.Build.0 = DebugWindows|x86
		{DA44509C-FB53-45FA-8493-F7BCDBA19E45}.DebugWindows|Mixed Platforms.ActiveCfg = DebugWindows|Any CPU
		{DA44509C-FB53-45FA-8493-F7BCDBA19E45}.DebugWindows|Mixed Platforms.Build.0 = DebugWindows|Any CPU
		{DA44509C-FB53-45FA-8493-F7BCDBA19E45}.DebugWindows|x86.ActiveCfg = DebugWindows|Any CPU
		{DA44509C-FB53-45FA-8493-F7BCDBA19E45}.Release|Any CPU.ActiveCfg = Release|Any CPU
		{DA44509C-FB53-45FA-8493-F7BCDBA19E45}.Release|Any CPU.Build.0 = Release|Any CPU
		{DA44509C-FB53-45FA-8493-F7BCDBA19E45}.Release|Mixed Platforms.ActiveCfg = Release|Any CPU
		{DA44509C-FB53-45FA-8493-F7BCDBA19E45}.Release|Mixed Platforms.Build.0 = Release|Any CPU
		{DA44509C-FB53-45FA-8493-F7BCDBA19E45}.Release|x86.ActiveCfg = Release|Any CPU
		{7726280A-BE26-4CB7-B38B-69C42298A23A}.Debug|Any CPU.ActiveCfg = Debug|x86
		{7726280A-BE26-4CB7-B38B-69C42298A23A}.Debug|Mixed Platforms.ActiveCfg = Debug|x86
		{7726280A-BE26-4CB7-B38B-69C42298A23A}.Debug|Mixed Platforms.Build.0 = Debug|x86
		{7726280A-BE26-4CB7-B38B-69C42298A23A}.Debug|x86.ActiveCfg = Debug|x86
		{7726280A-BE26-4CB7-B38B-69C42298A23A}.Debug|x86.Build.0 = Debug|x86
		{7726280A-BE26-4CB7-B38B-69C42298A23A}.DebugMac|Any CPU.ActiveCfg = Debug|x86
		{7726280A-BE26-4CB7-B38B-69C42298A23A}.DebugMac|Mixed Platforms.ActiveCfg = Debug|x86
		{7726280A-BE26-4CB7-B38B-69C42298A23A}.DebugMac|Mixed Platforms.Build.0 = Debug|x86
		{7726280A-BE26-4CB7-B38B-69C42298A23A}.DebugMac|x86.ActiveCfg = Debug|x86
		{7726280A-BE26-4CB7-B38B-69C42298A23A}.DebugMac|x86.Build.0 = Debug|x86
		{7726280A-BE26-4CB7-B38B-69C42298A23A}.DebugWindows|Any CPU.ActiveCfg = Debug|x64
		{7726280A-BE26-4CB7-B38B-69C42298A23A}.DebugWindows|Any CPU.Build.0 = Debug|x64
		{7726280A-BE26-4CB7-B38B-69C42298A23A}.DebugWindows|Mixed Platforms.ActiveCfg = Debug|x86
		{7726280A-BE26-4CB7-B38B-69C42298A23A}.DebugWindows|Mixed Platforms.Build.0 = Debug|x86
		{7726280A-BE26-4CB7-B38B-69C42298A23A}.DebugWindows|x86.ActiveCfg = Debug|x86
		{7726280A-BE26-4CB7-B38B-69C42298A23A}.DebugWindows|x86.Build.0 = Debug|x86
		{7726280A-BE26-4CB7-B38B-69C42298A23A}.Release|Any CPU.ActiveCfg = Release|x86
		{7726280A-BE26-4CB7-B38B-69C42298A23A}.Release|Mixed Platforms.ActiveCfg = Release|x86
		{7726280A-BE26-4CB7-B38B-69C42298A23A}.Release|Mixed Platforms.Build.0 = Release|x86
		{7726280A-BE26-4CB7-B38B-69C42298A23A}.Release|x86.ActiveCfg = Release|x86
		{7726280A-BE26-4CB7-B38B-69C42298A23A}.Release|x86.Build.0 = Release|x86
	EndGlobalSection
	GlobalSection(SolutionProperties) = preSolution
		HideSolutionNode = FALSE
	EndGlobalSection
	GlobalSection(MonoDevelopProperties) = preSolution
		StartupItem = CSharpReplAddin\CSharpReplAddin.csproj
	EndGlobalSection
EndGlobal
