
Microsoft Visual Studio Solution File, Format Version 11.00
# Visual Studio 2010
Project("{FAE04EC0-301F-11D3-BF4B-00C04F79EFBC}") = "CSharpReplAddin", "CSharpReplAddin\CSharpReplAddin.csproj", "{E02E05EB-81FE-4753-9382-4A065706C93D}"
EndProject
Project("{FAE04EC0-301F-11D3-BF4B-00C04F79EFBC}") = "CSharpReplLibrary", "CSharpReplLibrary\CSharpReplLibrary.csproj", "{192043DA-F32A-4DEA-A010-CD2C3971A34B}"
EndProject
Project("{FAE04EC0-301F-11D3-BF4B-00C04F79EFBC}") = "CSharpReplServer", "CSharpReplServer\CSharpReplServer.csproj", "{DA44509C-FB53-45FA-8493-F7BCDBA19E45}"
EndProject
Global
	GlobalSection(SolutionConfigurationPlatforms) = preSolution
		DebugMac|Any CPU = DebugMac|Any CPU
		DebugWindows|Any CPU = DebugWindows|Any CPU
		Release|Any CPU = Release|Any CPU
	EndGlobalSection
	GlobalSection(ProjectConfigurationPlatforms) = postSolution
		{E02E05EB-81FE-4753-9382-4A065706C93D}.DebugMac|Any CPU.ActiveCfg = DebugMac|Any CPU
		{E02E05EB-81FE-4753-9382-4A065706C93D}.DebugMac|Any CPU.Build.0 = DebugMac|Any CPU
		{E02E05EB-81FE-4753-9382-4A065706C93D}.DebugWindows|Any CPU.ActiveCfg = DebugWindows|Any CPU
		{E02E05EB-81FE-4753-9382-4A065706C93D}.DebugWindows|Any CPU.Build.0 = DebugWindows|Any CPU
		{E02E05EB-81FE-4753-9382-4A065706C93D}.Release|Any CPU.ActiveCfg = Release|Any CPU
		{E02E05EB-81FE-4753-9382-4A065706C93D}.Release|Any CPU.Build.0 = Release|Any CPU
		{192043DA-F32A-4DEA-A010-CD2C3971A34B}.DebugMac|Any CPU.ActiveCfg = DebugMac|Any CPU
		{192043DA-F32A-4DEA-A010-CD2C3971A34B}.DebugMac|Any CPU.Build.0 = DebugMac|Any CPU
		{192043DA-F32A-4DEA-A010-CD2C3971A34B}.DebugWindows|Any CPU.ActiveCfg = DebugWindows|Any CPU
		{192043DA-F32A-4DEA-A010-CD2C3971A34B}.DebugWindows|Any CPU.Build.0 = DebugWindows|Any CPU
		{192043DA-F32A-4DEA-A010-CD2C3971A34B}.Release|Any CPU.ActiveCfg = Release|Any CPU
		{192043DA-F32A-4DEA-A010-CD2C3971A34B}.Release|Any CPU.Build.0 = Release|Any CPU
		{DA44509C-FB53-45FA-8493-F7BCDBA19E45}.DebugMac|Any CPU.ActiveCfg = DebugMac|Any CPU
		{DA44509C-FB53-45FA-8493-F7BCDBA19E45}.DebugMac|Any CPU.Build.0 = DebugMac|Any CPU
		{DA44509C-FB53-45FA-8493-F7BCDBA19E45}.DebugWindows|Any CPU.ActiveCfg = DebugWindows|Any CPU
		{DA44509C-FB53-45FA-8493-F7BCDBA19E45}.DebugWindows|Any CPU.Build.0 = DebugWindows|Any CPU
		{DA44509C-FB53-45FA-8493-F7BCDBA19E45}.Release|Any CPU.ActiveCfg = Release|Any CPU
		{DA44509C-FB53-45FA-8493-F7BCDBA19E45}.Release|Any CPU.Build.0 = Release|Any CPU
	EndGlobalSection
	GlobalSection(SolutionProperties) = preSolution
		HideSolutionNode = FALSE
	EndGlobalSection
	GlobalSection(MonoDevelopProperties) = preSolution
		StartupItem = CSharpReplAddin\CSharpReplAddin.csproj
	EndGlobalSection
EndGlobal
